
Microsoft Visual Studio Solution File, Format Version 12.00
# Visual Studio 2012
Project("{2150E333-8FDC-42A3-9474-1A3956D46DE8}") = "Solution Items", "Solution Items", "{02AD77E2-A6D3-4E34-A688-B669169A5D8D}"
	ProjectSection(SolutionItems) = preProject
		Local.testsettings = Local.testsettings
		Readme.txt = Readme.txt
		Theoretical.vsmdi = Theoretical.vsmdi
		TraceAndTestImpact.testsettings = TraceAndTestImpact.testsettings
	EndProjectSection
EndProject
Project("{2150E333-8FDC-42A3-9474-1A3956D46DE8}") = ".nuget", ".nuget", "{C01548FE-E010-4CA8-8C62-3B86325B40AE}"
	ProjectSection(SolutionItems) = preProject
		.nuget\NuGet.Config = .nuget\NuGet.Config
		.nuget\NuGet.exe = .nuget\NuGet.exe
		.nuget\NuGet.targets = .nuget\NuGet.targets
	EndProjectSection
EndProject
Project("{FAE04EC0-301F-11D3-BF4B-00C04F79EFBC}") = "DataMapper", "DataMapper\DataMapper.csproj", "{A8392334-85EE-4ABF-BD77-DCE0CFA08358}"
EndProject
Project("{FAE04EC0-301F-11D3-BF4B-00C04F79EFBC}") = "DataMapper.EntityFramework", "DataMapper.EntityFramework\DataMapper.EntityFramework.csproj", "{F432589A-21A8-4996-A9C2-B23E3A2729B2}"
EndProject
Project("{FAE04EC0-301F-11D3-BF4B-00C04F79EFBC}") = "DataMapper.Tests.Unit", "DataMapper.Tests.Unit\DataMapper.Tests.Unit.csproj", "{7039A728-4B4B-41B5-8000-07594517C34B}"
EndProject
Project("{FAE04EC0-301F-11D3-BF4B-00C04F79EFBC}") = "DataMapper.EntityFramework.Tests.Unit", "DataMapper.EntityFramework.Tests.Unit\DataMapper.EntityFramework.Tests.Unit.csproj", "{ADD2D55E-1B73-4F3F-80C1-FBA28F395B8F}"
EndProject
Project("{FAE04EC0-301F-11D3-BF4B-00C04F79EFBC}") = "DataMapper.EntityFramework.Tests.Specs", "DataMapper.EntityFramework.Tests.Specs\DataMapper.EntityFramework.Tests.Specs.csproj", "{F5EC4D8A-4587-48DB-A728-A9D1E441FC34}"
EndProject
Global
	GlobalSection(TestCaseManagementSettings) = postSolution
		CategoryFile = Theoretical.vsmdi
	EndGlobalSection
	GlobalSection(SolutionConfigurationPlatforms) = preSolution
		Debug|Any CPU = Debug|Any CPU
		Debug|Mixed Platforms = Debug|Mixed Platforms
		Debug|x86 = Debug|x86
		Release|Any CPU = Release|Any CPU
		Release|Mixed Platforms = Release|Mixed Platforms
		Release|x86 = Release|x86
	EndGlobalSection
	GlobalSection(ProjectConfigurationPlatforms) = postSolution
		{A8392334-85EE-4ABF-BD77-DCE0CFA08358}.Debug|Any CPU.ActiveCfg = Debug|Any CPU
		{A8392334-85EE-4ABF-BD77-DCE0CFA08358}.Debug|Any CPU.Build.0 = Debug|Any CPU
		{A8392334-85EE-4ABF-BD77-DCE0CFA08358}.Debug|Mixed Platforms.ActiveCfg = Debug|Any CPU
		{A8392334-85EE-4ABF-BD77-DCE0CFA08358}.Debug|Mixed Platforms.Build.0 = Debug|Any CPU
		{A8392334-85EE-4ABF-BD77-DCE0CFA08358}.Debug|x86.ActiveCfg = Debug|Any CPU
		{A8392334-85EE-4ABF-BD77-DCE0CFA08358}.Release|Any CPU.ActiveCfg = Release|Any CPU
		{A8392334-85EE-4ABF-BD77-DCE0CFA08358}.Release|Any CPU.Build.0 = Release|Any CPU
		{A8392334-85EE-4ABF-BD77-DCE0CFA08358}.Release|Mixed Platforms.ActiveCfg = Release|Any CPU
		{A8392334-85EE-4ABF-BD77-DCE0CFA08358}.Release|Mixed Platforms.Build.0 = Release|Any CPU
		{A8392334-85EE-4ABF-BD77-DCE0CFA08358}.Release|x86.ActiveCfg = Release|Any CPU
		{F432589A-21A8-4996-A9C2-B23E3A2729B2}.Debug|Any CPU.ActiveCfg = Debug|Any CPU
		{F432589A-21A8-4996-A9C2-B23E3A2729B2}.Debug|Any CPU.Build.0 = Debug|Any CPU
		{F432589A-21A8-4996-A9C2-B23E3A2729B2}.Debug|Mixed Platforms.ActiveCfg = Debug|Any CPU
		{F432589A-21A8-4996-A9C2-B23E3A2729B2}.Debug|Mixed Platforms.Build.0 = Debug|Any CPU
		{F432589A-21A8-4996-A9C2-B23E3A2729B2}.Debug|x86.ActiveCfg = Debug|Any CPU
		{F432589A-21A8-4996-A9C2-B23E3A2729B2}.Release|Any CPU.ActiveCfg = Release|Any CPU
		{F432589A-21A8-4996-A9C2-B23E3A2729B2}.Release|Any CPU.Build.0 = Release|Any CPU
		{F432589A-21A8-4996-A9C2-B23E3A2729B2}.Release|Mixed Platforms.ActiveCfg = Release|Any CPU
		{F432589A-21A8-4996-A9C2-B23E3A2729B2}.Release|Mixed Platforms.Build.0 = Release|Any CPU
		{F432589A-21A8-4996-A9C2-B23E3A2729B2}.Release|x86.ActiveCfg = Release|Any CPU
		{7039A728-4B4B-41B5-8000-07594517C34B}.Debug|Any CPU.ActiveCfg = Debug|Any CPU
		{7039A728-4B4B-41B5-8000-07594517C34B}.Debug|Any CPU.Build.0 = Debug|Any CPU
		{7039A728-4B4B-41B5-8000-07594517C34B}.Debug|Mixed Platforms.ActiveCfg = Debug|Any CPU
		{7039A728-4B4B-41B5-8000-07594517C34B}.Debug|Mixed Platforms.Build.0 = Debug|Any CPU
		{7039A728-4B4B-41B5-8000-07594517C34B}.Debug|x86.ActiveCfg = Debug|Any CPU
		{7039A728-4B4B-41B5-8000-07594517C34B}.Release|Any CPU.ActiveCfg = Release|Any CPU
		{7039A728-4B4B-41B5-8000-07594517C34B}.Release|Any CPU.Build.0 = Release|Any CPU
		{7039A728-4B4B-41B5-8000-07594517C34B}.Release|Mixed Platforms.ActiveCfg = Release|Any CPU
		{7039A728-4B4B-41B5-8000-07594517C34B}.Release|Mixed Platforms.Build.0 = Release|Any CPU
		{7039A728-4B4B-41B5-8000-07594517C34B}.Release|x86.ActiveCfg = Release|Any CPU
		{ADD2D55E-1B73-4F3F-80C1-FBA28F395B8F}.Debug|Any CPU.ActiveCfg = Debug|Any CPU
		{ADD2D55E-1B73-4F3F-80C1-FBA28F395B8F}.Debug|Any CPU.Build.0 = Debug|Any CPU
		{ADD2D55E-1B73-4F3F-80C1-FBA28F395B8F}.Debug|Mixed Platforms.ActiveCfg = Debug|Any CPU
		{ADD2D55E-1B73-4F3F-80C1-FBA28F395B8F}.Debug|Mixed Platforms.Build.0 = Debug|Any CPU
		{ADD2D55E-1B73-4F3F-80C1-FBA28F395B8F}.Debug|x86.ActiveCfg = Debug|Any CPU
		{ADD2D55E-1B73-4F3F-80C1-FBA28F395B8F}.Release|Any CPU.ActiveCfg = Release|Any CPU
		{ADD2D55E-1B73-4F3F-80C1-FBA28F395B8F}.Release|Any CPU.Build.0 = Release|Any CPU
		{ADD2D55E-1B73-4F3F-80C1-FBA28F395B8F}.Release|Mixed Platforms.ActiveCfg = Release|Any CPU
		{ADD2D55E-1B73-4F3F-80C1-FBA28F395B8F}.Release|Mixed Platforms.Build.0 = Release|Any CPU
		{ADD2D55E-1B73-4F3F-80C1-FBA28F395B8F}.Release|x86.ActiveCfg = Release|Any CPU
		{F5EC4D8A-4587-48DB-A728-A9D1E441FC34}.Debug|Any CPU.ActiveCfg = Debug|Any CPU
		{F5EC4D8A-4587-48DB-A728-A9D1E441FC34}.Debug|Any CPU.Build.0 = Debug|Any CPU
		{F5EC4D8A-4587-48DB-A728-A9D1E441FC34}.Debug|Mixed Platforms.ActiveCfg = Debug|Any CPU
		{F5EC4D8A-4587-48DB-A728-A9D1E441FC34}.Debug|Mixed Platforms.Build.0 = Debug|Any CPU
		{F5EC4D8A-4587-48DB-A728-A9D1E441FC34}.Debug|x86.ActiveCfg = Debug|Any CPU
		{F5EC4D8A-4587-48DB-A728-A9D1E441FC34}.Release|Any CPU.ActiveCfg = Release|Any CPU
		{F5EC4D8A-4587-48DB-A728-A9D1E441FC34}.Release|Any CPU.Build.0 = Release|Any CPU
		{F5EC4D8A-4587-48DB-A728-A9D1E441FC34}.Release|Mixed Platforms.ActiveCfg = Release|Any CPU
		{F5EC4D8A-4587-48DB-A728-A9D1E441FC34}.Release|Mixed Platforms.Build.0 = Release|Any CPU
		{F5EC4D8A-4587-48DB-A728-A9D1E441FC34}.Release|x86.ActiveCfg = Release|Any CPU
	EndGlobalSection
	GlobalSection(SolutionProperties) = preSolution
		HideSolutionNode = FALSE
	EndGlobalSection
EndGlobal
